
Microsoft Visual Studio Solution File, Format Version 12.00
# Visual Studio 15
VisualStudioVersion = 15.0.28307.136
MinimumVisualStudioVersion = 10.0.40219.1
Project("{FAE04EC0-301F-11D3-BF4B-00C04F79EFBC}") = "Mars Rover", "Mars Rover\Mars Rover.csproj", "{D734DBB4-CB63-4FD2-B312-84C8ACB97875}"
EndProject
Project("{FAE04EC0-301F-11D3-BF4B-00C04F79EFBC}") = "MissionMarsTest", "MissionMarsTest\MissionMarsTest.csproj", "{EE401688-9837-48F1-9E32-FF0A4721CA3B}"
EndProject
Global
	GlobalSection(SolutionConfigurationPlatforms) = preSolution
		Debug|Any CPU = Debug|Any CPU
		Release|Any CPU = Release|Any CPU
	EndGlobalSection
	GlobalSection(ProjectConfigurationPlatforms) = postSolution
		{D734DBB4-CB63-4FD2-B312-84C8ACB97875}.Debug|Any CPU.ActiveCfg = Debug|Any CPU
		{D734DBB4-CB63-4FD2-B312-84C8ACB97875}.Debug|Any CPU.Build.0 = Debug|Any CPU
		{D734DBB4-CB63-4FD2-B312-84C8ACB97875}.Release|Any CPU.ActiveCfg = Release|Any CPU
		{D734DBB4-CB63-4FD2-B312-84C8ACB97875}.Release|Any CPU.Build.0 = Release|Any CPU
		{EE401688-9837-48F1-9E32-FF0A4721CA3B}.Debug|Any CPU.ActiveCfg = Debug|Any CPU
		{EE401688-9837-48F1-9E32-FF0A4721CA3B}.Debug|Any CPU.Build.0 = Debug|Any CPU
		{EE401688-9837-48F1-9E32-FF0A4721CA3B}.Release|Any CPU.ActiveCfg = Release|Any CPU
		{EE401688-9837-48F1-9E32-FF0A4721CA3B}.Release|Any CPU.Build.0 = Release|Any CPU
	EndGlobalSection
	GlobalSection(SolutionProperties) = preSolution
		HideSolutionNode = FALSE
	EndGlobalSection
	GlobalSection(ExtensibilityGlobals) = postSolution
		SolutionGuid = {96322C69-A265-497E-B25A-DC5C29873AA8}
	EndGlobalSection
EndGlobal
